<?xml version="1.0" encoding="utf-8"?>
<Project ToolsVersion="4.0" xmlns="http://schemas.microsoft.com/developer/msbuild/2003">
  <ItemGroup>
    <ClCompile Include="Actor.cpp" />
    <ClCompile Include="AnimSpriteComponent.cpp" />
    <ClCompile Include="Assets.cpp" />
    <ClCompile Include="BGSpriteComponent.cpp" />
    <ClCompile Include="CircleCollisionComponent.cpp" />
    <ClCompile Include="Component.cpp" />
    <ClCompile Include="Game.cpp" />
    <ClCompile Include="InputComponent.cpp" />
    <ClCompile Include="Log.cpp" />
    <ClCompile Include="Main.cpp" />
    <ClCompile Include="Matrix4.cpp" />
    <ClCompile Include="MoveComponent.cpp" />
    <ClCompile Include="Random.cpp" />
    <ClCompile Include="Rectangle.cpp" />
    <ClCompile Include="RendererOGL.cpp" />
    <ClCompile Include="Shader.cpp" />
    <ClCompile Include="SpriteComponent.cpp" />
    <ClCompile Include="Texture.cpp" />
    <ClCompile Include="Timer.cpp" />
    <ClCompile Include="Vector2.cpp" />
    <ClCompile Include="Vector3.cpp" />
    <ClCompile Include="VertexArray.cpp" />
    <ClCompile Include="Window.cpp" />
    <ClCompile Include="Quaternion.cpp" />
    <ClCompile Include="Mesh.cpp" />
    <ClCompile Include="MeshComponent.cpp" />
    <ClCompile Include="Camera.cpp" />
  </ItemGroup>
  <ItemGroup>
    <ClInclude Include="Actor.h" />
    <ClInclude Include="AnimSpriteComponent.h" />
    <ClInclude Include="Assets.h" />
    <ClInclude Include="BGSpriteComponent.h" />
    <ClInclude Include="CircleCollisionComponent.h" />
    <ClInclude Include="Component.h" />
    <ClInclude Include="Game.h" />
    <ClInclude Include="InputComponent.h" />
    <ClInclude Include="IRenderer.h" />
    <ClInclude Include="Log.h" />
    <ClInclude Include="Maths.h" />
    <ClInclude Include="Matrix4.h" />
    <ClInclude Include="MoveComponent.h" />
    <ClInclude Include="Random.h" />
    <ClInclude Include="Rectangle.h" />
    <ClInclude Include="RendererOGL.h" />
    <ClInclude Include="Shader.h" />
    <ClInclude Include="SpriteComponent.h" />
    <ClInclude Include="Texture.h" />
    <ClInclude Include="Timer.h" />
    <ClInclude Include="Vector2.h" />
    <ClInclude Include="Vector3.h" />
    <ClInclude Include="VertexArray.h" />
    <ClInclude Include="Window.h" />
    <ClInclude Include="Quaternion.h" />
    <ClInclude Include="Mesh.h" />
    <ClInclude Include="MeshComponent.h" />
    <ClInclude Include="Camera.h" />
  </ItemGroup>
  <ItemGroup>
    <Filter Include="shaders">
      <UniqueIdentifier>{924a2f48-8ecf-4561-a138-728c6dbd92bb}</UniqueIdentifier>
    </Filter>
  </ItemGroup>
  <ItemGroup>
    <None Include="Res\Shaders\Basic.frag">
      <Filter>shaders</Filter>
    </None>
    <None Include="Res\Shaders\Basic.vert">
      <Filter>shaders</Filter>
    </None>
    <None Include="Res\Shaders\Sprite.frag">
      <Filter>shaders</Filter>
    </None>
    <None Include="Res\Shaders\Sprite.vert">
      <Filter>shaders</Filter>
    </None>
    <None Include="Res\Shaders\Transform.vert">
      <Filter>shaders</Filter>
    </None>
    <None Include="Res\Shaders\BasicMesh.frag">
      <Filter>shaders</Filter>
    </None>
    <None Include="Res\Shaders\BasicMesh.vert">
      <Filter>shaders</Filter>
    </None>
  </ItemGroup>
</Project>